{
  "name": "frontend",
  "lockfileVersion": 2,
  "requires": true,
  "packages": {
    "": {
      "dependencies": {
        "quasar": "^2.10.1"
      }
    },
    "node_modules/quasar": {
      "version": "2.10.1",
      "resolved": "https://registry.npmjs.org/quasar/-/quasar-2.10.1.tgz",
      "integrity": "sha512-W0SEbTdfFS4xvO5OyTyuJent+11MpjBJUYLga69ZFigRh7SV6wFpGNfCuxAifM0L83bp4rWrL2KGoIjEoDsjOw==",
      "engines": {
        "node": ">= 10.18.1",
        "npm": ">= 6.13.4",
        "yarn": ">= 1.21.1"
      },
      "funding": {
        "type": "github",
        "url": "https://donate.quasar.dev"
      }
    }
  },
  "dependencies": {
    "quasar": {
      "version": "2.10.1",
      "resolved": "https://registry.npmjs.org/quasar/-/quasar-2.10.1.tgz",
      "integrity": "sha512-W0SEbTdfFS4xvO5OyTyuJent+11MpjBJUYLga69ZFigRh7SV6wFpGNfCuxAifM0L83bp4rWrL2KGoIjEoDsjOw=="
    }
  }
}
